
Microsoft Visual Studio Solution File, Format Version 12.00
# Visual Studio Version 17
VisualStudioVersion = 17.0.31903.59
MinimumVisualStudioVersion = 10.0.40219.1
Project("{2150E333-8FDC-42A3-9474-1A3956D46DE8}") = "src", "src", "{827E0CD3-B72D-47B6-A68D-7590B98EB39B}"
EndProject
Project("{FAE04EC0-301F-11D3-BF4B-00C04F79EFBC}") = "OrderProcessingSystem.API", "src\OrderProcessingSystem.API\OrderProcessingSystem.API.csproj", "{A448E021-8193-4ABD-9A7F-AD52843F79EF}"
EndProject
Project("{FAE04EC0-301F-11D3-BF4B-00C04F79EFBC}") = "OrderProcessingSystem.Application", "src\OrderProcessingSystem.Application\OrderProcessingSystem.Application.csproj", "{1138B0D9-A1BB-415B-8A3B-106A4F83C1C2}"
EndProject
Project("{FAE04EC0-301F-11D3-BF4B-00C04F79EFBC}") = "OrderProcessingSystem.Domain", "src\OrderProcessingSystem.Domain\OrderProcessingSystem.Domain.csproj", "{F17EEECE-99C0-4ABB-9BDA-4085F0DA36AD}"
EndProject
Project("{FAE04EC0-301F-11D3-BF4B-00C04F79EFBC}") = "OrderProcessingSystem.Infrastructure", "src\OrderProcessingSystem.Infrastructure\OrderProcessingSystem.Infrastructure.csproj", "{6DC73C98-567D-4D8A-8A70-755A22CFFE77}"
EndProject
Global
	GlobalSection(SolutionConfigurationPlatforms) = preSolution
		Debug|Any CPU = Debug|Any CPU
		Debug|x64 = Debug|x64
		Debug|x86 = Debug|x86
		Release|Any CPU = Release|Any CPU
		Release|x64 = Release|x64
		Release|x86 = Release|x86
	EndGlobalSection
	GlobalSection(ProjectConfigurationPlatforms) = postSolution
		{A448E021-8193-4ABD-9A7F-AD52843F79EF}.Debug|Any CPU.ActiveCfg = Debug|Any CPU
		{A448E021-8193-4ABD-9A7F-AD52843F79EF}.Debug|Any CPU.Build.0 = Debug|Any CPU
		{A448E021-8193-4ABD-9A7F-AD52843F79EF}.Debug|x64.ActiveCfg = Debug|Any CPU
		{A448E021-8193-4ABD-9A7F-AD52843F79EF}.Debug|x64.Build.0 = Debug|Any CPU
		{A448E021-8193-4ABD-9A7F-AD52843F79EF}.Debug|x86.ActiveCfg = Debug|Any CPU
		{A448E021-8193-4ABD-9A7F-AD52843F79EF}.Debug|x86.Build.0 = Debug|Any CPU
		{A448E021-8193-4ABD-9A7F-AD52843F79EF}.Release|Any CPU.ActiveCfg = Release|Any CPU
		{A448E021-8193-4ABD-9A7F-AD52843F79EF}.Release|Any CPU.Build.0 = Release|Any CPU
		{A448E021-8193-4ABD-9A7F-AD52843F79EF}.Release|x64.ActiveCfg = Release|Any CPU
		{A448E021-8193-4ABD-9A7F-AD52843F79EF}.Release|x64.Build.0 = Release|Any CPU
		{A448E021-8193-4ABD-9A7F-AD52843F79EF}.Release|x86.ActiveCfg = Release|Any CPU
		{A448E021-8193-4ABD-9A7F-AD52843F79EF}.Release|x86.Build.0 = Release|Any CPU
		{1138B0D9-A1BB-415B-8A3B-106A4F83C1C2}.Debug|Any CPU.ActiveCfg = Debug|Any CPU
		{1138B0D9-A1BB-415B-8A3B-106A4F83C1C2}.Debug|Any CPU.Build.0 = Debug|Any CPU
		{1138B0D9-A1BB-415B-8A3B-106A4F83C1C2}.Debug|x64.ActiveCfg = Debug|Any CPU
		{1138B0D9-A1BB-415B-8A3B-106A4F83C1C2}.Debug|x64.Build.0 = Debug|Any CPU
		{1138B0D9-A1BB-415B-8A3B-106A4F83C1C2}.Debug|x86.ActiveCfg = Debug|Any CPU
		{1138B0D9-A1BB-415B-8A3B-106A4F83C1C2}.Debug|x86.Build.0 = Debug|Any CPU
		{1138B0D9-A1BB-415B-8A3B-106A4F83C1C2}.Release|Any CPU.ActiveCfg = Release|Any CPU
		{1138B0D9-A1BB-415B-8A3B-106A4F83C1C2}.Release|Any CPU.Build.0 = Release|Any CPU
		{1138B0D9-A1BB-415B-8A3B-106A4F83C1C2}.Release|x64.ActiveCfg = Release|Any CPU
		{1138B0D9-A1BB-415B-8A3B-106A4F83C1C2}.Release|x64.Build.0 = Release|Any CPU
		{1138B0D9-A1BB-415B-8A3B-106A4F83C1C2}.Release|x86.ActiveCfg = Release|Any CPU
		{1138B0D9-A1BB-415B-8A3B-106A4F83C1C2}.Release|x86.Build.0 = Release|Any CPU
		{F17EEECE-99C0-4ABB-9BDA-4085F0DA36AD}.Debug|Any CPU.ActiveCfg = Debug|Any CPU
		{F17EEECE-99C0-4ABB-9BDA-4085F0DA36AD}.Debug|Any CPU.Build.0 = Debug|Any CPU
		{F17EEECE-99C0-4ABB-9BDA-4085F0DA36AD}.Debug|x64.ActiveCfg = Debug|Any CPU
		{F17EEECE-99C0-4ABB-9BDA-4085F0DA36AD}.Debug|x64.Build.0 = Debug|Any CPU
		{F17EEECE-99C0-4ABB-9BDA-4085F0DA36AD}.Debug|x86.ActiveCfg = Debug|Any CPU
		{F17EEECE-99C0-4ABB-9BDA-4085F0DA36AD}.Debug|x86.Build.0 = Debug|Any CPU
		{F17EEECE-99C0-4ABB-9BDA-4085F0DA36AD}.Release|Any CPU.ActiveCfg = Release|Any CPU
		{F17EEECE-99C0-4ABB-9BDA-4085F0DA36AD}.Release|Any CPU.Build.0 = Release|Any CPU
		{F17EEECE-99C0-4ABB-9BDA-4085F0DA36AD}.Release|x64.ActiveCfg = Release|Any CPU
		{F17EEECE-99C0-4ABB-9BDA-4085F0DA36AD}.Release|x64.Build.0 = Release|Any CPU
		{F17EEECE-99C0-4ABB-9BDA-4085F0DA36AD}.Release|x86.ActiveCfg = Release|Any CPU
		{F17EEECE-99C0-4ABB-9BDA-4085F0DA36AD}.Release|x86.Build.0 = Release|Any CPU
		{6DC73C98-567D-4D8A-8A70-755A22CFFE77}.Debug|Any CPU.ActiveCfg = Debug|Any CPU
		{6DC73C98-567D-4D8A-8A70-755A22CFFE77}.Debug|Any CPU.Build.0 = Debug|Any CPU
		{6DC73C98-567D-4D8A-8A70-755A22CFFE77}.Debug|x64.ActiveCfg = Debug|Any CPU
		{6DC73C98-567D-4D8A-8A70-755A22CFFE77}.Debug|x64.Build.0 = Debug|Any CPU
		{6DC73C98-567D-4D8A-8A70-755A22CFFE77}.Debug|x86.ActiveCfg = Debug|Any CPU
		{6DC73C98-567D-4D8A-8A70-755A22CFFE77}.Debug|x86.Build.0 = Debug|Any CPU
		{6DC73C98-567D-4D8A-8A70-755A22CFFE77}.Release|Any CPU.ActiveCfg = Release|Any CPU
		{6DC73C98-567D-4D8A-8A70-755A22CFFE77}.Release|Any CPU.Build.0 = Release|Any CPU
		{6DC73C98-567D-4D8A-8A70-755A22CFFE77}.Release|x64.ActiveCfg = Release|Any CPU
		{6DC73C98-567D-4D8A-8A70-755A22CFFE77}.Release|x64.Build.0 = Release|Any CPU
		{6DC73C98-567D-4D8A-8A70-755A22CFFE77}.Release|x86.ActiveCfg = Release|Any CPU
		{6DC73C98-567D-4D8A-8A70-755A22CFFE77}.Release|x86.Build.0 = Release|Any CPU
	EndGlobalSection
	GlobalSection(SolutionProperties) = preSolution
		HideSolutionNode = FALSE
	EndGlobalSection
	GlobalSection(NestedProjects) = preSolution
		{A448E021-8193-4ABD-9A7F-AD52843F79EF} = {827E0CD3-B72D-47B6-A68D-7590B98EB39B}
		{1138B0D9-A1BB-415B-8A3B-106A4F83C1C2} = {827E0CD3-B72D-47B6-A68D-7590B98EB39B}
		{F17EEECE-99C0-4ABB-9BDA-4085F0DA36AD} = {827E0CD3-B72D-47B6-A68D-7590B98EB39B}
		{6DC73C98-567D-4D8A-8A70-755A22CFFE77} = {827E0CD3-B72D-47B6-A68D-7590B98EB39B}
	EndGlobalSection
EndGlobal
